
Microsoft Visual Studio Solution File, Format Version 12.00
# Visual Studio Version 16
VisualStudioVersion = 16.0.30611.23
MinimumVisualStudioVersion = 10.0.40219.1
Project("{8BC9CEB8-8B4A-11D0-8D11-00A0C91BC942}") = "EstruturaDeDadosBuscaBinaria", "EstruturaDeDadosBuscaBinaria\EstruturaDeDadosBuscaBinaria.vcxproj", "{5BF99D3B-2B90-49FA-85E9-0A708A825E5C}"
EndProject
Global
	GlobalSection(SolutionConfigurationPlatforms) = preSolution
		Debug|x64 = Debug|x64
		Debug|x86 = Debug|x86
		Release|x64 = Release|x64
		Release|x86 = Release|x86
	EndGlobalSection
	GlobalSection(ProjectConfigurationPlatforms) = postSolution
		{5BF99D3B-2B90-49FA-85E9-0A708A825E5C}.Debug|x64.ActiveCfg = Debug|x64
		{5BF99D3B-2B90-49FA-85E9-0A708A825E5C}.Debug|x64.Build.0 = Debug|x64
		{5BF99D3B-2B90-49FA-85E9-0A708A825E5C}.Debug|x86.ActiveCfg = Debug|Win32
		{5BF99D3B-2B90-49FA-85E9-0A708A825E5C}.Debug|x86.Build.0 = Debug|Win32
		{5BF99D3B-2B90-49FA-85E9-0A708A825E5C}.Release|x64.ActiveCfg = Release|x64
		{5BF99D3B-2B90-49FA-85E9-0A708A825E5C}.Release|x64.Build.0 = Release|x64
		{5BF99D3B-2B90-49FA-85E9-0A708A825E5C}.Release|x86.ActiveCfg = Release|Win32
		{5BF99D3B-2B90-49FA-85E9-0A708A825E5C}.Release|x86.Build.0 = Release|Win32
	EndGlobalSection
	GlobalSection(SolutionProperties) = preSolution
		HideSolutionNode = FALSE
	EndGlobalSection
	GlobalSection(ExtensibilityGlobals) = postSolution
		SolutionGuid = {7531873E-E922-41A8-9EB9-6F76CDE0DEB1}
	EndGlobalSection
EndGlobal
